
Microsoft Visual Studio Solution File, Format Version 12.00
# Visual Studio Version 17
VisualStudioVersion = 17.9.34616.47
MinimumVisualStudioVersion = 10.0.40219.1
Project("{9A19103F-16F7-4668-BE54-9A1E7A4F7556}") = "MVCFirstApp", "MVCFirstApp.csproj", "{0FC85153-3763-470E-BDB8-D64789DA13A2}"
EndProject
Project("{FAE04EC0-301F-11D3-BF4B-00C04F79EFBC}") = "MyAjaxProject", "..\MyAjaxProject\MyAjaxProject.csproj", "{3048FF90-EE96-4BB1-BC55-70EE6BC40987}"
EndProject
Global
	GlobalSection(SolutionConfigurationPlatforms) = preSolution
		Debug|Any CPU = Debug|Any CPU
		Release|Any CPU = Release|Any CPU
	EndGlobalSection
	GlobalSection(ProjectConfigurationPlatforms) = postSolution
		{0FC85153-3763-470E-BDB8-D64789DA13A2}.Debug|Any CPU.ActiveCfg = Debug|Any CPU
		{0FC85153-3763-470E-BDB8-D64789DA13A2}.Debug|Any CPU.Build.0 = Debug|Any CPU
		{0FC85153-3763-470E-BDB8-D64789DA13A2}.Release|Any CPU.ActiveCfg = Release|Any CPU
		{0FC85153-3763-470E-BDB8-D64789DA13A2}.Release|Any CPU.Build.0 = Release|Any CPU
		{3048FF90-EE96-4BB1-BC55-70EE6BC40987}.Debug|Any CPU.ActiveCfg = Debug|Any CPU
		{3048FF90-EE96-4BB1-BC55-70EE6BC40987}.Debug|Any CPU.Build.0 = Debug|Any CPU
		{3048FF90-EE96-4BB1-BC55-70EE6BC40987}.Release|Any CPU.ActiveCfg = Release|Any CPU
		{3048FF90-EE96-4BB1-BC55-70EE6BC40987}.Release|Any CPU.Build.0 = Release|Any CPU
	EndGlobalSection
	GlobalSection(SolutionProperties) = preSolution
		HideSolutionNode = FALSE
	EndGlobalSection
	GlobalSection(ExtensibilityGlobals) = postSolution
		SolutionGuid = {1B0844B0-2CEA-40E2-B851-EF6D3532A3E2}
	EndGlobalSection
EndGlobal
